// !$*UTF8*$!
{
	archiveVersion = 1;
	classes = {
	};
	objectVersion = 56;
	objects = {

/* Begin PBXBuildFile section */
		92E4E4852AE4AA92002FA4A4 /* Applio__App.swift in Sources */ = {isa = PBXBuildFile; fileRef = 92E4E4842AE4AA92002FA4A4 /* Applio__App.swift */; };
		92E4E4872AE4AA92002FA4A4 /* ContentView.swift in Sources */ = {isa = PBXBuildFile; fileRef = 92E4E4862AE4AA92002FA4A4 /* ContentView.swift */; };
		92E4E4892AE4AA94002FA4A4 /* Assets.xcassets in Resources */ = {isa = PBXBuildFile; fileRef = 92E4E4882AE4AA94002FA4A4 /* Assets.xcassets */; };
		92E4E48C2AE4AA94002FA4A4 /* Preview Assets.xcassets in Resources */ = {isa = PBXBuildFile; fileRef = 92E4E48B2AE4AA94002FA4A4 /* Preview Assets.xcassets */; };
		92E4E4962AE4AA94002FA4A4 /* Applio__Tests.swift in Sources */ = {isa = PBXBuildFile; fileRef = 92E4E4952AE4AA94002FA4A4 /* Applio__Tests.swift */; };
		92E4E4A02AE4AA94002FA4A4 /* Applio__UITests.swift in Sources */ = {isa = PBXBuildFile; fileRef = 92E4E49F2AE4AA94002FA4A4 /* Applio__UITests.swift */; };
		92E4E4A22AE4AA94002FA4A4 /* Applio__UITestsLaunchTests.swift in Sources */ = {isa = PBXBuildFile; fileRef = 92E4E4A12AE4AA94002FA4A4 /* Applio__UITestsLaunchTests.swift */; };
/* End PBXBuildFile section */

/* Begin PBXContainerItemProxy section */
		92E4E4922AE4AA94002FA4A4 /* PBXContainerItemProxy */ = {
			isa = PBXContainerItemProxy;
			containerPortal = 92E4E4792AE4AA91002FA4A4 /* Project object */;
			proxyType = 1;
			remoteGlobalIDString = 92E4E4802AE4AA91002FA4A4;
			remoteInfo = "Applio🍏";
		};
		92E4E49C2AE4AA94002FA4A4 /* PBXContainerItemProxy */ = {
			isa = PBXContainerItemProxy;
			containerPortal = 92E4E4792AE4AA91002FA4A4 /* Project object */;
			proxyType = 1;
			remoteGlobalIDString = 92E4E4802AE4AA91002FA4A4;
			remoteInfo = "Applio🍏";
		};
/* End PBXContainerItemProxy section */

/* Begin PBXFileReference section */
		92E4E4812AE4AA91002FA4A4 /* Applio🍏.app */ = {isa = PBXFileReference; explicitFileType = wrapper.application; includeInIndex = 0; path = "Applio🍏.app"; sourceTree = BUILT_PRODUCTS_DIR; };
		92E4E4842AE4AA92002FA4A4 /* Applio__App.swift */ = {isa = PBXFileReference; lastKnownFileType = sourcecode.swift; path = Applio__App.swift; sourceTree = "<group>"; };
		92E4E4862AE4AA92002FA4A4 /* ContentView.swift */ = {isa = PBXFileReference; lastKnownFileType = sourcecode.swift; path = ContentView.swift; sourceTree = "<group>"; };
		92E4E4882AE4AA94002FA4A4 /* Assets.xcassets */ = {isa = PBXFileReference; lastKnownFileType = folder.assetcatalog; path = Assets.xcassets; sourceTree = "<group>"; };
		92E4E48B2AE4AA94002FA4A4 /* Preview Assets.xcassets */ = {isa = PBXFileReference; lastKnownFileType = folder.assetcatalog; path = "Preview Assets.xcassets"; sourceTree = "<group>"; };
		92E4E4912AE4AA94002FA4A4 /* Applio🍏Tests.xctest */ = {isa = PBXFileReference; explicitFileType = wrapper.cfbundle; includeInIndex = 0; path = "Applio🍏Tests.xctest"; sourceTree = BUILT_PRODUCTS_DIR; };
		92E4E4952AE4AA94002FA4A4 /* Applio__Tests.swift */ = {isa = PBXFileReference; lastKnownFileType = sourcecode.swift; path = Applio__Tests.swift; sourceTree = "<group>"; };
		92E4E49B2AE4AA94002FA4A4 /* Applio🍏UITests.xctest */ = {isa = PBXFileReference; explicitFileType = wrapper.cfbundle; includeInIndex = 0; path = "Applio🍏UITests.xctest"; sourceTree = BUILT_PRODUCTS_DIR; };
		92E4E49F2AE4AA94002FA4A4 /* Applio__UITests.swift */ = {isa = PBXFileReference; lastKnownFileType = sourcecode.swift; path = Applio__UITests.swift; sourceTree = "<group>"; };
		92E4E4A12AE4AA94002FA4A4 /* Applio__UITestsLaunchTests.swift */ = {isa = PBXFileReference; lastKnownFileType = sourcecode.swift; path = Applio__UITestsLaunchTests.swift; sourceTree = "<group>"; };
/* End PBXFileReference section */

/* Begin PBXFrameworksBuildPhase section */
		92E4E47E2AE4AA91002FA4A4 /* Frameworks */ = {
			isa = PBXFrameworksBuildPhase;
			buildActionMask = 2147483647;
			files = (
			);
			runOnlyForDeploymentPostprocessing = 0;
		};
		92E4E48E2AE4AA94002FA4A4 /* Frameworks */ = {
			isa = PBXFrameworksBuildPhase;
			buildActionMask = 2147483647;
			files = (
			);
			runOnlyForDeploymentPostprocessing = 0;
		};
		92E4E4982AE4AA94002FA4A4 /* Frameworks */ = {
			isa = PBXFrameworksBuildPhase;
			buildActionMask = 2147483647;
			files = (
			);
			runOnlyForDeploymentPostprocessing = 0;
		};
/* End PBXFrameworksBuildPhase section */

/* Begin PBXGroup section */
		92E4E4782AE4AA91002FA4A4 = {
			isa = PBXGroup;
			children = (
				92E4E4832AE4AA92002FA4A4 /* Applio🍏 */,
				92E4E4942AE4AA94002FA4A4 /* Applio🍏Tests */,
				92E4E49E2AE4AA94002FA4A4 /* Applio🍏UITests */,
				92E4E4822AE4AA91002FA4A4 /* Products */,
			);
			sourceTree = "<group>";
		};
		92E4E4822AE4AA91002FA4A4 /* Products */ = {
			isa = PBXGroup;
			children = (
				92E4E4812AE4AA91002FA4A4 /* Applio🍏.app */,
				92E4E4912AE4AA94002FA4A4 /* Applio🍏Tests.xctest */,
				92E4E49B2AE4AA94002FA4A4 /* Applio🍏UITests.xctest */,
			);
			name = Products;
			sourceTree = "<group>";
		};
		92E4E4832AE4AA92002FA4A4 /* Applio🍏 */ = {
			isa = PBXGroup;
			children = (
				92E4E4842AE4AA92002FA4A4 /* Applio__App.swift */,
				92E4E4862AE4AA92002FA4A4 /* ContentView.swift */,
				92E4E4882AE4AA94002FA4A4 /* Assets.xcassets */,
				92E4E48A2AE4AA94002FA4A4 /* Preview Content */,
			);
			path = "Applio🍏";
			sourceTree = "<group>";
		};
		92E4E48A2AE4AA94002FA4A4 /* Preview Content */ = {
			isa = PBXGroup;
			children = (
				92E4E48B2AE4AA94002FA4A4 /* Preview Assets.xcassets */,
			);
			path = "Preview Content";
			sourceTree = "<group>";
		};
		92E4E4942AE4AA94002FA4A4 /* Applio🍏Tests */ = {
			isa = PBXGroup;
			children = (
				92E4E4952AE4AA94002FA4A4 /* Applio__Tests.swift */,
			);
			path = "Applio🍏Tests";
			sourceTree = "<group>";
		};
		92E4E49E2AE4AA94002FA4A4 /* Applio🍏UITests */ = {
			isa = PBXGroup;
			children = (
				92E4E49F2AE4AA94002FA4A4 /* Applio__UITests.swift */,
				92E4E4A12AE4AA94002FA4A4 /* Applio__UITestsLaunchTests.swift */,
			);
			path = "Applio🍏UITests";
			sourceTree = "<group>";
		};
/* End PBXGroup section */

/* Begin PBXNativeTarget section */
		92E4E4802AE4AA91002FA4A4 /* Applio🍏 */ = {
			isa = PBXNativeTarget;
			buildConfigurationList = 92E4E4A52AE4AA94002FA4A4 /* Build configuration list for PBXNativeTarget "Applio🍏" */;
			buildPhases = (
				92E4E47D2AE4AA91002FA4A4 /* Sources */,
				92E4E47E2AE4AA91002FA4A4 /* Frameworks */,
				92E4E47F2AE4AA91002FA4A4 /* Resources */,
			);
			buildRules = (
			);
			dependencies = (
			);
			name = "Applio🍏";
			productName = "Applio🍏";
			productReference = 92E4E4812AE4AA91002FA4A4 /* Applio🍏.app */;
			productType = "com.apple.product-type.application";
		};
		92E4E4902AE4AA94002FA4A4 /* Applio🍏Tests */ = {
			isa = PBXNativeTarget;
			buildConfigurationList = 92E4E4A82AE4AA94002FA4A4 /* Build configuration list for PBXNativeTarget "Applio🍏Tests" */;
			buildPhases = (
				92E4E48D2AE4AA94002FA4A4 /* Sources */,
				92E4E48E2AE4AA94002FA4A4 /* Frameworks */,
				92E4E48F2AE4AA94002FA4A4 /* Resources */,
			);
			buildRules = (
			);
			dependencies = (
				92E4E4932AE4AA94002FA4A4 /* PBXTargetDependency */,
			);
			name = "Applio🍏Tests";
			productName = "Applio🍏Tests";
			productReference = 92E4E4912AE4AA94002FA4A4 /* Applio🍏Tests.xctest */;
			productType = "com.apple.product-type.bundle.unit-test";
		};
		92E4E49A2AE4AA94002FA4A4 /* Applio🍏UITests */ = {
			isa = PBXNativeTarget;
			buildConfigurationList = 92E4E4AB2AE4AA94002FA4A4 /* Build configuration list for PBXNativeTarget "Applio🍏UITests" */;
			buildPhases = (
				92E4E4972AE4AA94002FA4A4 /* Sources */,
				92E4E4982AE4AA94002FA4A4 /* Frameworks */,
				92E4E4992AE4AA94002FA4A4 /* Resources */,
			);
			buildRules = (
			);
			dependencies = (
				92E4E49D2AE4AA94002FA4A4 /* PBXTargetDependency */,
			);
			name = "Applio🍏UITests";
			productName = "Applio🍏UITests";
			productReference = 92E4E49B2AE4AA94002FA4A4 /* Applio🍏UITests.xctest */;
			productType = "com.apple.product-type.bundle.ui-testing";
		};
/* End PBXNativeTarget section */

/* Begin PBXProject section */
		92E4E4792AE4AA91002FA4A4 /* Project object */ = {
			isa = PBXProject;
			attributes = {
				BuildIndependentTargetsInParallel = 1;
				CLASSPREFIX = Applio;
				LastSwiftUpdateCheck = 1500;
				LastUpgradeCheck = 1500;
				ORGANIZATIONNAME = Applio;
				TargetAttributes = {
					92E4E4802AE4AA91002FA4A4 = {
						CreatedOnToolsVersion = 15.0.1;
					};
					92E4E4902AE4AA94002FA4A4 = {
						CreatedOnToolsVersion = 15.0.1;
						TestTargetID = 92E4E4802AE4AA91002FA4A4;
					};
					92E4E49A2AE4AA94002FA4A4 = {
						CreatedOnToolsVersion = 15.0.1;
						TestTargetID = 92E4E4802AE4AA91002FA4A4;
					};
				};
			};
			buildConfigurationList = 92E4E47C2AE4AA91002FA4A4 /* Build configuration list for PBXProject "Applio🍏" */;
			compatibilityVersion = "Xcode 14.0";
			developmentRegion = en;
			hasScannedForEncodings = 0;
			knownRegions = (
				en,
				Base,
			);
			mainGroup = 92E4E4782AE4AA91002FA4A4;
			productRefGroup = 92E4E4822AE4AA91002FA4A4 /* Products */;
			projectDirPath = "";
			projectRoot = "";
			targets = (
				92E4E4802AE4AA91002FA4A4 /* Applio🍏 */,
				92E4E4902AE4AA94002FA4A4 /* Applio🍏Tests */,
				92E4E49A2AE4AA94002FA4A4 /* Applio🍏UITests */,
			);
		};
/* End PBXProject section */

/* Begin PBXResourcesBuildPhase section */
		92E4E47F2AE4AA91002FA4A4 /* Resources */ = {
			isa = PBXResourcesBuildPhase;
			buildActionMask = 2147483647;
			files = (
				92E4E48C2AE4AA94002FA4A4 /* Preview Assets.xcassets in Resources */,
				92E4E4892AE4AA94002FA4A4 /* Assets.xcassets in Resources */,
			);
			runOnlyForDeploymentPostprocessing = 0;
		};
		92E4E48F2AE4AA94002FA4A4 /* Resources */ = {
			isa = PBXResourcesBuildPhase;
			buildActionMask = 2147483647;
			files = (
			);
			runOnlyForDeploymentPostprocessing = 0;
		};
		92E4E4992AE4AA94002FA4A4 /* Resources */ = {
			isa = PBXResourcesBuildPhase;
			buildActionMask = 2147483647;
			files = (
			);
			runOnlyForDeploymentPostprocessing = 0;
		};
/* End PBXResourcesBuildPhase section */

/* Begin PBXSourcesBuildPhase section */
		92E4E47D2AE4AA91002FA4A4 /* Sources */ = {
			isa = PBXSourcesBuildPhase;
			buildActionMask = 2147483647;
			files = (
				92E4E4872AE4AA92002FA4A4 /* ContentView.swift in Sources */,
				92E4E4852AE4AA92002FA4A4 /* Applio__App.swift in Sources */,
			);
			runOnlyForDeploymentPostprocessing = 0;
		};
		92E4E48D2AE4AA94002FA4A4 /* Sources */ = {
			isa = PBXSourcesBuildPhase;
			buildActionMask = 2147483647;
			files = (
				92E4E4962AE4AA94002FA4A4 /* Applio__Tests.swift in Sources */,
			);
			runOnlyForDeploymentPostprocessing = 0;
		};
		92E4E4972AE4AA94002FA4A4 /* Sources */ = {
			isa = PBXSourcesBuildPhase;
			buildActionMask = 2147483647;
			files = (
				92E4E4A22AE4AA94002FA4A4 /* Applio__UITestsLaunchTests.swift in Sources */,
				92E4E4A02AE4AA94002FA4A4 /* Applio__UITests.swift in Sources */,
			);
			runOnlyForDeploymentPostprocessing = 0;
		};
/* End PBXSourcesBuildPhase section */

/* Begin PBXTargetDependency section */
		92E4E4932AE4AA94002FA4A4 /* PBXTargetDependency */ = {
			isa = PBXTargetDependency;
			target = 92E4E4802AE4AA91002FA4A4 /* Applio🍏 */;
			targetProxy = 92E4E4922AE4AA94002FA4A4 /* PBXContainerItemProxy */;
		};
		92E4E49D2AE4AA94002FA4A4 /* PBXTargetDependency */ = {
			isa = PBXTargetDependency;
			target = 92E4E4802AE4AA91002FA4A4 /* Applio🍏 */;
			targetProxy = 92E4E49C2AE4AA94002FA4A4 /* PBXContainerItemProxy */;
		};
/* End PBXTargetDependency section */

/* Begin XCBuildConfiguration section */
		92E4E4A32AE4AA94002FA4A4 /* Debug */ = {
			isa = XCBuildConfiguration;
			buildSettings = {
				ALWAYS_SEARCH_USER_PATHS = NO;
				ASSETCATALOG_COMPILER_GENERATE_SWIFT_ASSET_SYMBOL_EXTENSIONS = YES;
				CLANG_ANALYZER_NONNULL = YES;
				CLANG_ANALYZER_NUMBER_OBJECT_CONVERSION = YES_AGGRESSIVE;
				CLANG_CXX_LANGUAGE_STANDARD = "gnu++20";
				CLANG_ENABLE_MODULES = YES;
				CLANG_ENABLE_OBJC_ARC = YES;
				CLANG_ENABLE_OBJC_WEAK = YES;
				CLANG_WARN_BLOCK_CAPTURE_AUTORELEASING = YES;
				CLANG_WARN_BOOL_CONVERSION = YES;
				CLANG_WARN_COMMA = YES;
				CLANG_WARN_CONSTANT_CONVERSION = YES;
				CLANG_WARN_DEPRECATED_OBJC_IMPLEMENTATIONS = YES;
				CLANG_WARN_DIRECT_OBJC_ISA_USAGE = YES_ERROR;
				CLANG_WARN_DOCUMENTATION_COMMENTS = YES;
				CLANG_WARN_EMPTY_BODY = YES;
				CLANG_WARN_ENUM_CONVERSION = YES;
				CLANG_WARN_INFINITE_RECURSION = YES;
				CLANG_WARN_INT_CONVERSION = YES;
				CLANG_WARN_NON_LITERAL_NULL_CONVERSION = YES;
				CLANG_WARN_OBJC_IMPLICIT_RETAIN_SELF = YES;
				CLANG_WARN_OBJC_LITERAL_CONVERSION = YES;
				CLANG_WARN_OBJC_ROOT_CLASS = YES_ERROR;
				CLANG_WARN_QUOTED_INCLUDE_IN_FRAMEWORK_HEADER = YES;
				CLANG_WARN_RANGE_LOOP_ANALYSIS = YES;
				CLANG_WARN_STRICT_PROTOTYPES = YES;
				CLANG_WARN_SUSPICIOUS_MOVE = YES;
				CLANG_WARN_UNGUARDED_AVAILABILITY = YES_AGGRESSIVE;
				CLANG_WARN_UNREACHABLE_CODE = YES;
				CLANG_WARN__DUPLICATE_METHOD_MATCH = YES;
				COPY_PHASE_STRIP = NO;
				DEBUG_INFORMATION_FORMAT = dwarf;
				ENABLE_STRICT_OBJC_MSGSEND = YES;
				ENABLE_TESTABILITY = YES;
				ENABLE_USER_SCRIPT_SANDBOXING = YES;
				GCC_C_LANGUAGE_STANDARD = gnu17;
				GCC_DYNAMIC_NO_PIC = NO;
				GCC_NO_COMMON_BLOCKS = YES;
				GCC_OPTIMIZATION_LEVEL = 0;
				GCC_PREPROCESSOR_DEFINITIONS = (
					"DEBUG=1",
					"$(inherited)",
				);
				GCC_WARN_64_TO_32_BIT_CONVERSION = YES;
				GCC_WARN_ABOUT_RETURN_TYPE = YES_ERROR;
				GCC_WARN_UNDECLARED_SELECTOR = YES;
				GCC_WARN_UNINITIALIZED_AUTOS = YES_AGGRESSIVE;
				GCC_WARN_UNUSED_FUNCTION = YES;
				GCC_WARN_UNUSED_VARIABLE = YES;
				IPHONEOS_DEPLOYMENT_TARGET = 17.0;
				LOCALIZATION_PREFERS_STRING_CATALOGS = YES;
				MTL_ENABLE_DEBUG_INFO = INCLUDE_SOURCE;
				MTL_FAST_MATH = YES;
				ONLY_ACTIVE_ARCH = YES;
				SDKROOT = iphoneos;
				SWIFT_ACTIVE_COMPILATION_CONDITIONS = "DEBUG $(inherited)";
				SWIFT_OPTIMIZATION_LEVEL = "-Onone";
			};
			name = Debug;
		};
		92E4E4A42AE4AA94002FA4A4 /* Release */ = {
			isa = XCBuildConfiguration;
			buildSettings = {
				ALWAYS_SEARCH_USER_PATHS = NO;
				ASSETCATALOG_COMPILER_GENERATE_SWIFT_ASSET_SYMBOL_EXTENSIONS = YES;
				CLANG_ANALYZER_NONNULL = YES;
				CLANG_ANALYZER_NUMBER_OBJECT_CONVERSION = YES_AGGRESSIVE;
				CLANG_CXX_LANGUAGE_STANDARD = "gnu++20";
				CLANG_ENABLE_MODULES = YES;
				CLANG_ENABLE_OBJC_ARC = YES;
				CLANG_ENABLE_OBJC_WEAK = YES;
				CLANG_WARN_BLOCK_CAPTURE_AUTORELEASING = YES;
				CLANG_WARN_BOOL_CONVERSION = YES;
				CLANG_WARN_COMMA = YES;
				CLANG_WARN_CONSTANT_CONVERSION = YES;
				CLANG_WARN_DEPRECATED_OBJC_IMPLEMENTATIONS = YES;
				CLANG_WARN_DIRECT_OBJC_ISA_USAGE = YES_ERROR;
				CLANG_WARN_DOCUMENTATION_COMMENTS = YES;
				CLANG_WARN_EMPTY_BODY = YES;
				CLANG_WARN_ENUM_CONVERSION = YES;
				CLANG_WARN_INFINITE_RECURSION = YES;
				CLANG_WARN_INT_CONVERSION = YES;
				CLANG_WARN_NON_LITERAL_NULL_CONVERSION = YES;
				CLANG_WARN_OBJC_IMPLICIT_RETAIN_SELF = YES;
				CLANG_WARN_OBJC_LITERAL_CONVERSION = YES;
				CLANG_WARN_OBJC_ROOT_CLASS = YES_ERROR;
				CLANG_WARN_QUOTED_INCLUDE_IN_FRAMEWORK_HEADER = YES;
				CLANG_WARN_RANGE_LOOP_ANALYSIS = YES;
				CLANG_WARN_STRICT_PROTOTYPES = YES;
				CLANG_WARN_SUSPICIOUS_MOVE = YES;
				CLANG_WARN_UNGUARDED_AVAILABILITY = YES_AGGRESSIVE;
				CLANG_WARN_UNREACHABLE_CODE = YES;
				CLANG_WARN__DUPLICATE_METHOD_MATCH = YES;
				COPY_PHASE_STRIP = NO;
				DEBUG_INFORMATION_FORMAT = "dwarf-with-dsym";
				ENABLE_NS_ASSERTIONS = NO;
				ENABLE_STRICT_OBJC_MSGSEND = YES;
				ENABLE_USER_SCRIPT_SANDBOXING = YES;
				GCC_C_LANGUAGE_STANDARD = gnu17;
				GCC_NO_COMMON_BLOCKS = YES;
				GCC_WARN_64_TO_32_BIT_CONVERSION = YES;
				GCC_WARN_ABOUT_RETURN_TYPE = YES_ERROR;
				GCC_WARN_UNDECLARED_SELECTOR = YES;
				GCC_WARN_UNINITIALIZED_AUTOS = YES_AGGRESSIVE;
				GCC_WARN_UNUSED_FUNCTION = YES;
				GCC_WARN_UNUSED_VARIABLE = YES;
				IPHONEOS_DEPLOYMENT_TARGET = 17.0;
				LOCALIZATION_PREFERS_STRING_CATALOGS = YES;
				MTL_ENABLE_DEBUG_INFO = NO;
				MTL_FAST_MATH = YES;
				SDKROOT = iphoneos;
				SWIFT_COMPILATION_MODE = wholemodule;
				VALIDATE_PRODUCT = YES;
			};
			name = Release;
		};
		92E4E4A62AE4AA94002FA4A4 /* Debug */ = {
			isa = XCBuildConfiguration;
			buildSettings = {
				ASSETCATALOG_COMPILER_APPICON_NAME = AppIcon;
				ASSETCATALOG_COMPILER_GLOBAL_ACCENT_COLOR_NAME = AccentColor;
				CODE_SIGN_STYLE = Automatic;
				CURRENT_PROJECT_VERSION = 1;
				DEVELOPMENT_ASSET_PATHS = "\"Applio🍏/Preview Content\"";
				DEVELOPMENT_TEAM = 44K884J75D;
				ENABLE_PREVIEWS = YES;
				GENERATE_INFOPLIST_FILE = YES;
				INFOPLIST_KEY_UIApplicationSceneManifest_Generation = YES;
				INFOPLIST_KEY_UIApplicationSupportsIndirectInputEvents = YES;
				INFOPLIST_KEY_UILaunchScreen_Generation = YES;
				INFOPLIST_KEY_UISupportedInterfaceOrientations_iPad = "UIInterfaceOrientationPortrait UIInterfaceOrientationPortraitUpsideDown UIInterfaceOrientationLandscapeLeft UIInterfaceOrientationLandscapeRight";
				INFOPLIST_KEY_UISupportedInterfaceOrientations_iPhone = "UIInterfaceOrientationPortrait UIInterfaceOrientationLandscapeLeft UIInterfaceOrientationLandscapeRight";
				LD_RUNPATH_SEARCH_PATHS = (
					"$(inherited)",
					"@executable_path/Frameworks",
				);
				MARKETING_VERSION = 1.0;
				PRODUCT_NAME = "$(TARGET_NAME)";
				SWIFT_EMIT_LOC_STRINGS = YES;
				SWIFT_VERSION = 5.0;
				TARGETED_DEVICE_FAMILY = "1,2";
			};
			name = Debug;
		};
		92E4E4A72AE4AA94002FA4A4 /* Release */ = {
			isa = XCBuildConfiguration;
			buildSettings = {
				ASSETCATALOG_COMPILER_APPICON_NAME = AppIcon;
				ASSETCATALOG_COMPILER_GLOBAL_ACCENT_COLOR_NAME = AccentColor;
				CODE_SIGN_STYLE = Automatic;
				CURRENT_PROJECT_VERSION = 1;
				DEVELOPMENT_ASSET_PATHS = "\"Applio🍏/Preview Content\"";
				DEVELOPMENT_TEAM = 44K884J75D;
				ENABLE_PREVIEWS = YES;
				GENERATE_INFOPLIST_FILE = YES;
				INFOPLIST_KEY_UIApplicationSceneManifest_Generation = YES;
				INFOPLIST_KEY_UIApplicationSupportsIndirectInputEvents = YES;
				INFOPLIST_KEY_UILaunchScreen_Generation = YES;
				INFOPLIST_KEY_UISupportedInterfaceOrientations_iPad = "UIInterfaceOrientationPortrait UIInterfaceOrientationPortraitUpsideDown UIInterfaceOrientationLandscapeLeft UIInterfaceOrientationLandscapeRight";
				INFOPLIST_KEY_UISupportedInterfaceOrientations_iPhone = "UIInterfaceOrientationPortrait UIInterfaceOrientationLandscapeLeft UIInterfaceOrientationLandscapeRight";
				LD_RUNPATH_SEARCH_PATHS = (
					"$(inherited)",
					"@executable_path/Frameworks",
				);
				MARKETING_VERSION = 1.0;
				PRODUCT_BUNDLE_IDENTIFIER = "Applio.Applio--";
				PRODUCT_NAME = "$(TARGET_NAME)";
				SWIFT_EMIT_LOC_STRINGS = YES;
				SWIFT_VERSION = 5.0;
				TARGETED_DEVICE_FAMILY = "1,2";
			};
			name = Release;
		};
		92E4E4A92AE4AA94002FA4A4 /* Debug */ = {
			isa = XCBuildConfiguration;
			buildSettings = {
				ALWAYS_EMBED_SWIFT_STANDARD_LIBRARIES = YES;
				BUNDLE_LOADER = "$(TEST_HOST)";
				CODE_SIGN_STYLE = Automatic;
				CURRENT_PROJECT_VERSION = 1;
				DEVELOPMENT_TEAM = 44K884J75D;
				GENERATE_INFOPLIST_FILE = YES;
				IPHONEOS_DEPLOYMENT_TARGET = 17.0;
				MARKETING_VERSION = 1.0;
				PRODUCT_BUNDLE_IDENTIFIER = "Applio.Applio--Tests";
				PRODUCT_NAME = "$(TARGET_NAME)";
				SWIFT_EMIT_LOC_STRINGS = NO;
				SWIFT_VERSION = 5.0;
				TARGETED_DEVICE_FAMILY = "1,2";
				TEST_HOST = "$(BUILT_PRODUCTS_DIR)/Applio🍏.app/$(BUNDLE_EXECUTABLE_FOLDER_PATH)/Applio🍏";
			};
			name = Debug;
		};
		92E4E4AA2AE4AA94002FA4A4 /* Release */ = {
			isa = XCBuildConfiguration;
			buildSettings = {
				ALWAYS_EMBED_SWIFT_STANDARD_LIBRARIES = YES;
				BUNDLE_LOADER = "$(TEST_HOST)";
				CODE_SIGN_STYLE = Automatic;
				CURRENT_PROJECT_VERSION = 1;
				DEVELOPMENT_TEAM = 44K884J75D;
				GENERATE_INFOPLIST_FILE = YES;
				IPHONEOS_DEPLOYMENT_TARGET = 17.0;
				MARKETING_VERSION = 1.0;
				PRODUCT_BUNDLE_IDENTIFIER = "Applio.Applio--Tests";
				PRODUCT_NAME = "$(TARGET_NAME)";
				SWIFT_EMIT_LOC_STRINGS = NO;
				SWIFT_VERSION = 5.0;
				TARGETED_DEVICE_FAMILY = "1,2";
				TEST_HOST = "$(BUILT_PRODUCTS_DIR)/Applio🍏.app/$(BUNDLE_EXECUTABLE_FOLDER_PATH)/Applio🍏";
			};
			name = Release;
		};
		92E4E4AC2AE4AA94002FA4A4 /* Debug */ = {
			isa = XCBuildConfiguration;
			buildSettings = {
				ALWAYS_EMBED_SWIFT_STANDARD_LIBRARIES = YES;
				CODE_SIGN_STYLE = Automatic;
				CURRENT_PROJECT_VERSION = 1;
				DEVELOPMENT_TEAM = 44K884J75D;
				GENERATE_INFOPLIST_FILE = YES;
				MARKETING_VERSION = 1.0;
				PRODUCT_BUNDLE_IDENTIFIER = "Applio.Applio--UITests";
				PRODUCT_NAME = "$(TARGET_NAME)";
				SWIFT_EMIT_LOC_STRINGS = NO;
				SWIFT_VERSION = 5.0;
				TARGETED_DEVICE_FAMILY = "1,2";
				TEST_TARGET_NAME = "Applio🍏";
			};
			name = Debug;
		};
		92E4E4AD2AE4AA94002FA4A4 /* Release */ = {
			isa = XCBuildConfiguration;
			buildSettings = {
				ALWAYS_EMBED_SWIFT_STANDARD_LIBRARIES = YES;
				CODE_SIGN_STYLE = Automatic;
				CURRENT_PROJECT_VERSION = 1;
				DEVELOPMENT_TEAM = 44K884J75D;
				GENERATE_INFOPLIST_FILE = YES;
				MARKETING_VERSION = 1.0;
				PRODUCT_BUNDLE_IDENTIFIER = "Applio.Applio--UITests";
				PRODUCT_NAME = "$(TARGET_NAME)";
				SWIFT_EMIT_LOC_STRINGS = NO;
				SWIFT_VERSION = 5.0;
				TARGETED_DEVICE_FAMILY = "1,2";
				TEST_TARGET_NAME = "Applio🍏";
			};
			name = Release;
		};
/* End XCBuildConfiguration section */

/* Begin XCConfigurationList section */
		92E4E47C2AE4AA91002FA4A4 /* Build configuration list for PBXProject "Applio🍏" */ = {
			isa = XCConfigurationList;
			buildConfigurations = (
				92E4E4A32AE4AA94002FA4A4 /* Debug */,
				92E4E4A42AE4AA94002FA4A4 /* Release */,
			);
			defaultConfigurationIsVisible = 0;
			defaultConfigurationName = Release;
		};
		92E4E4A52AE4AA94002FA4A4 /* Build configuration list for PBXNativeTarget "Applio🍏" */ = {
			isa = XCConfigurationList;
			buildConfigurations = (
				92E4E4A62AE4AA94002FA4A4 /* Debug */,
				92E4E4A72AE4AA94002FA4A4 /* Release */,
			);
			defaultConfigurationIsVisible = 0;
			defaultConfigurationName = Release;
		};
		92E4E4A82AE4AA94002FA4A4 /* Build configuration list for PBXNativeTarget "Applio🍏Tests" */ = {
			isa = XCConfigurationList;
			buildConfigurations = (
				92E4E4A92AE4AA94002FA4A4 /* Debug */,
				92E4E4AA2AE4AA94002FA4A4 /* Release */,
			);
			defaultConfigurationIsVisible = 0;
			defaultConfigurationName = Release;
		};
		92E4E4AB2AE4AA94002FA4A4 /* Build configuration list for PBXNativeTarget "Applio🍏UITests" */ = {
			isa = XCConfigurationList;
			buildConfigurations = (
				92E4E4AC2AE4AA94002FA4A4 /* Debug */,
				92E4E4AD2AE4AA94002FA4A4 /* Release */,
			);
			defaultConfigurationIsVisible = 0;
			defaultConfigurationName = Release;
		};
/* End XCConfigurationList section */
	};
	rootObject = 92E4E4792AE4AA91002FA4A4 /* Project object */;
}
